PODS:
  - Bolts/Tasks (1.1.5)
  - FCFileManager (1.0.7)
  - MyCommons (0.1.0)
  - Parse (1.7.2.2):
    - Bolts/Tasks (>= 1.1.5)
  - ParseUI (1.1.4):
    - Parse (~> 1.7)
  - SVProgressHUD (HEAD based on 1.1.3)

DEPENDENCIES:
  - FCFileManager
  - MyCommons (from `https://github.com/pbeast/MyCommons.git`)
  - Parse
  - ParseUI
  - SVProgressHUD (HEAD)

EXTERNAL SOURCES:
  MyCommons:
    :git: https://github.com/pbeast/MyCommons.git

CHECKOUT OPTIONS:
  MyCommons:
    :commit: 777a7c036aa9df670290fcace1e6dbed3a1887c4
    :git: https://github.com/pbeast/MyCommons.git

SPEC CHECKSUMS:
  Bolts: aac24961496d504aa56fc267cde95162a71bac39
  FCFileManager: fd77211e8448b0e9713d51d4f75769d9dc4ceb58
  MyCommons: 5bbcfae3aade7b6bcec25d0481d7e836e6428ff8
  Parse: 6187586a80eb7b4960d755f85e1353148a611f87
  ParseUI: d1228541b02a36a7354c8f47747f5f7a89cf1ff0
  SVProgressHUD: 748080e4f36e603f6c02aec292664239df5279c1

COCOAPODS: 0.37.1
